PODS:
  - CocoaAsyncSocket (7.4.3):
    - CocoaAsyncSocket/All (= 7.4.3)
  - CocoaAsyncSocket/All (7.4.3):
    - CocoaAsyncSocket/GCD
    - CocoaAsyncSocket/RunLoop
  - CocoaAsyncSocket/GCD (7.4.3)
  - CocoaAsyncSocket/RunLoop (7.4.3)
  - iOS-QR-Code-Encoder (0.0.1)
  - JHChainableAnimations (1.3.0)

DEPENDENCIES:
  - CocoaAsyncSocket (~> 7.4.3)
  - iOS-QR-Code-Encoder (~> 0.0.1)
  - JHChainableAnimations (~> 1.3.0)

SPEC CHECKSUMS:
  CocoaAsyncSocket: a18c75dca4b08723628a0bacca6e94803d90be91
  iOS-QR-Code-Encoder: 5aef73d5d6ecdb2031ced14e0e6eadfb8c637514
  JHChainableAnimations: 22085fcb04ca87349e584573558e637f659fd769

PODFILE CHECKSUM: 7310d9169069ae47777f99044a97e06b53a75cc3

COCOAPODS: 1.0.0.beta.8
